
Microsoft Visual Studio Solution File, Format Version 12.00
# Visual Studio Version 16
VisualStudioVersion = 16.0.30011.22
MinimumVisualStudioVersion = 10.0.40219.1
Project("{9A19103F-16F7-4668-BE54-9A1E7A4F7556}") = "OdeToFood", "OdeToFood\OdeToFood.csproj", "{5C08FC3E-B67F-4906-8001-935666A9D96B}"
EndProject
Project("{FAE04EC0-301F-11D3-BF4B-00C04F79EFBC}") = "OdeToFood.Core", "OdeToFood.Core\OdeToFood.Core.csproj", "{89162A4A-390F-4E42-8BA4-838CC439841E}"
EndProject
Project("{FAE04EC0-301F-11D3-BF4B-00C04F79EFBC}") = "OdeToFood.Data", "OdeToFood.Data\OdeToFood.Data.csproj", "{B9F5F89C-2DFD-4D76-9CBA-43F806A75811}"
EndProject
Global
	GlobalSection(SolutionConfigurationPlatforms) = preSolution
		Debug|Any CPU = Debug|Any CPU
		Release|Any CPU = Release|Any CPU
	EndGlobalSection
	GlobalSection(ProjectConfigurationPlatforms) = postSolution
		{5C08FC3E-B67F-4906-8001-935666A9D96B}.Debug|Any CPU.ActiveCfg = Debug|Any CPU
		{5C08FC3E-B67F-4906-8001-935666A9D96B}.Debug|Any CPU.Build.0 = Debug|Any CPU
		{5C08FC3E-B67F-4906-8001-935666A9D96B}.Release|Any CPU.ActiveCfg = Release|Any CPU
		{5C08FC3E-B67F-4906-8001-935666A9D96B}.Release|Any CPU.Build.0 = Release|Any CPU
		{89162A4A-390F-4E42-8BA4-838CC439841E}.Debug|Any CPU.ActiveCfg = Debug|Any CPU
		{89162A4A-390F-4E42-8BA4-838CC439841E}.Debug|Any CPU.Build.0 = Debug|Any CPU
		{89162A4A-390F-4E42-8BA4-838CC439841E}.Release|Any CPU.ActiveCfg = Release|Any CPU
		{89162A4A-390F-4E42-8BA4-838CC439841E}.Release|Any CPU.Build.0 = Release|Any CPU
		{B9F5F89C-2DFD-4D76-9CBA-43F806A75811}.Debug|Any CPU.ActiveCfg = Debug|Any CPU
		{B9F5F89C-2DFD-4D76-9CBA-43F806A75811}.Debug|Any CPU.Build.0 = Debug|Any CPU
		{B9F5F89C-2DFD-4D76-9CBA-43F806A75811}.Release|Any CPU.ActiveCfg = Release|Any CPU
		{B9F5F89C-2DFD-4D76-9CBA-43F806A75811}.Release|Any CPU.Build.0 = Release|Any CPU
	EndGlobalSection
	GlobalSection(SolutionProperties) = preSolution
		HideSolutionNode = FALSE
	EndGlobalSection
	GlobalSection(ExtensibilityGlobals) = postSolution
		SolutionGuid = {87216D8C-3844-4A02-A09D-A8ECC63750AC}
	EndGlobalSection
EndGlobal
